
Microsoft Visual Studio Solution File, Format Version 12.00
# Visual Studio Version 17
VisualStudioVersion = 17.0.31919.166
MinimumVisualStudioVersion = 10.0.40219.1
Project("{9A19103F-16F7-4668-BE54-9A1E7A4F7556}") = "CSVtoSQL", "CSVtoSQL.csproj", "{9863B50B-675F-4CA9-9C16-0471773E03A8}"
EndProject
Project("{FAE04EC0-301F-11D3-BF4B-00C04F79EFBC}") = "EntityAssembly", "..\EntityFrameworkAssembly\EntityAssembly.csproj", "{05AB61AF-7B5A-4D91-8199-9ED96EEED9E8}"
EndProject
Global
	GlobalSection(SolutionConfigurationPlatforms) = preSolution
		Debug|Any CPU = Debug|Any CPU
		Debug|x86 = Debug|x86
		Release|Any CPU = Release|Any CPU
		Release|x86 = Release|x86
	EndGlobalSection
	GlobalSection(ProjectConfigurationPlatforms) = postSolution
		{9863B50B-675F-4CA9-9C16-0471773E03A8}.Debug|Any CPU.ActiveCfg = Debug|Any CPU
		{9863B50B-675F-4CA9-9C16-0471773E03A8}.Debug|Any CPU.Build.0 = Debug|Any CPU
		{9863B50B-675F-4CA9-9C16-0471773E03A8}.Debug|x86.ActiveCfg = Debug|Any CPU
		{9863B50B-675F-4CA9-9C16-0471773E03A8}.Debug|x86.Build.0 = Debug|Any CPU
		{9863B50B-675F-4CA9-9C16-0471773E03A8}.Release|Any CPU.ActiveCfg = Release|Any CPU
		{9863B50B-675F-4CA9-9C16-0471773E03A8}.Release|Any CPU.Build.0 = Release|Any CPU
		{9863B50B-675F-4CA9-9C16-0471773E03A8}.Release|x86.ActiveCfg = Release|Any CPU
		{9863B50B-675F-4CA9-9C16-0471773E03A8}.Release|x86.Build.0 = Release|Any CPU
		{05AB61AF-7B5A-4D91-8199-9ED96EEED9E8}.Debug|Any CPU.ActiveCfg = Debug|Any CPU
		{05AB61AF-7B5A-4D91-8199-9ED96EEED9E8}.Debug|Any CPU.Build.0 = Debug|Any CPU
		{05AB61AF-7B5A-4D91-8199-9ED96EEED9E8}.Debug|x86.ActiveCfg = Debug|Any CPU
		{05AB61AF-7B5A-4D91-8199-9ED96EEED9E8}.Debug|x86.Build.0 = Debug|Any CPU
		{05AB61AF-7B5A-4D91-8199-9ED96EEED9E8}.Release|Any CPU.ActiveCfg = Release|Any CPU
		{05AB61AF-7B5A-4D91-8199-9ED96EEED9E8}.Release|Any CPU.Build.0 = Release|Any CPU
		{05AB61AF-7B5A-4D91-8199-9ED96EEED9E8}.Release|x86.ActiveCfg = Release|Any CPU
		{05AB61AF-7B5A-4D91-8199-9ED96EEED9E8}.Release|x86.Build.0 = Release|Any CPU
	EndGlobalSection
	GlobalSection(SolutionProperties) = preSolution
		HideSolutionNode = FALSE
	EndGlobalSection
	GlobalSection(ExtensibilityGlobals) = postSolution
		SolutionGuid = {86E59641-58A4-4099-8E7C-52A5A577A57D}
	EndGlobalSection
EndGlobal
